
Microsoft Visual Studio Solution File, Format Version 12.00
# Visual Studio Version 17
VisualStudioVersion = 17.10.35013.160
MinimumVisualStudioVersion = 10.0.40219.1
Project("{FAE04EC0-301F-11D3-BF4B-00C04F79EFBC}") = "ground station", "yer istasyonu\ground station.csproj", "{4BA4796C-E731-49CE-A8D5-4C56A2D63DF1}"
EndProject
Global
	GlobalSection(SolutionConfigurationPlatforms) = preSolution
		Debug|Any CPU = Debug|Any CPU
		Release|Any CPU = Release|Any CPU
	EndGlobalSection
	GlobalSection(ProjectConfigurationPlatforms) = postSolution
		{4BA4796C-E731-49CE-A8D5-4C56A2D63DF1}.Debug|Any CPU.ActiveCfg = Debug|Any CPU
		{4BA4796C-E731-49CE-A8D5-4C56A2D63DF1}.Debug|Any CPU.Build.0 = Debug|Any CPU
		{4BA4796C-E731-49CE-A8D5-4C56A2D63DF1}.Release|Any CPU.ActiveCfg = Release|Any CPU
		{4BA4796C-E731-49CE-A8D5-4C56A2D63DF1}.Release|Any CPU.Build.0 = Release|Any CPU
	EndGlobalSection
	GlobalSection(SolutionProperties) = preSolution
		HideSolutionNode = FALSE
	EndGlobalSection
	GlobalSection(ExtensibilityGlobals) = postSolution
		SolutionGuid = {4E2A1753-1158-43A1-B52E-8ADD2CE1B0E7}
	EndGlobalSection
EndGlobal
